
Microsoft Visual Studio Solution File, Format Version 12.00
# Visual Studio Version 17
VisualStudioVersion = 17.0.31919.166
MinimumVisualStudioVersion = 10.0.40219.1
Project("{9A19103F-16F7-4668-BE54-9A1E7A4F7556}") = "Schulteisz.AdventOfCode2021", "Schulteisz.AdventOfCode2021\Schulteisz.AdventOfCode2021.csproj", "{C9AB6D9E-9A65-4D59-B6D7-53BA682B01E1}"
EndProject
Project("{9A19103F-16F7-4668-BE54-9A1E7A4F7556}") = "Schulteisz.AdventOfCode2021.Common", "Schulteisz.AdventOfCode2021.Common\Schulteisz.AdventOfCode2021.Common.csproj", "{23B4A607-87A2-4A4A-BE08-630F26DCC099}"
EndProject
Project("{9A19103F-16F7-4668-BE54-9A1E7A4F7556}") = "Schulteisz.AdventOfCode2021.Day01", "Schulteisz.AdventOfCode2021.Day01\Schulteisz.AdventOfCode2021.Day01.csproj", "{769035E4-2AC8-4E08-8BEB-9FB61DEE0789}"
EndProject
Project("{9A19103F-16F7-4668-BE54-9A1E7A4F7556}") = "Schulteisz.AdventOfCode2021.Interfaces", "Schulteisz.AdventOfCode2021.Interfaces\Schulteisz.AdventOfCode2021.Interfaces.csproj", "{9FED84C7-4C8B-4981-AACB-B8E01D6620AF}"
EndProject
Project("{9A19103F-16F7-4668-BE54-9A1E7A4F7556}") = "Schulteisz.AdventOfCode2021.Tests", "Schulteisz.AdventOfCode2021.Tests\Schulteisz.AdventOfCode2021.Tests.csproj", "{701E422A-94AD-4024-8B21-966105CA5340}"
EndProject
Project("{9A19103F-16F7-4668-BE54-9A1E7A4F7556}") = "Schulteisz.AdventOfCode2021.Day02", "Schulteisz.AdventOfCode2021.Day02\Schulteisz.AdventOfCode2021.Day02.csproj", "{928F8266-3A41-4146-820A-7500BAC450BE}"
EndProject
Project("{9A19103F-16F7-4668-BE54-9A1E7A4F7556}") = "Schulteisz.AdventOfCode2021.Day03", "Schulteisz.AdventOfCode2021.Day03\Schulteisz.AdventOfCode2021.Day03.csproj", "{928AA90D-ACF4-4E07-A17A-2C84F0202F4E}"
EndProject
Project("{9A19103F-16F7-4668-BE54-9A1E7A4F7556}") = "Schulteisz.AdventOfCode2021.Day04", "Schulteisz.AdventOfCode2021.Day04\Schulteisz.AdventOfCode2021.Day04.csproj", "{0E6E8C84-1002-4B91-86DE-EDE87913AE90}"
EndProject
Project("{9A19103F-16F7-4668-BE54-9A1E7A4F7556}") = "Schulteisz.AdventOfCode2021.Day05", "Schulteisz.AdventOfCode2021.Day05\Schulteisz.AdventOfCode2021.Day05.csproj", "{B6EE5215-61CD-4316-A67E-038BFC46FACB}"
EndProject
Global
	GlobalSection(SolutionConfigurationPlatforms) = preSolution
		Debug|Any CPU = Debug|Any CPU
		Debug|x64 = Debug|x64
		Release|Any CPU = Release|Any CPU
		Release|x64 = Release|x64
	EndGlobalSection
	GlobalSection(ProjectConfigurationPlatforms) = postSolution
		{C9AB6D9E-9A65-4D59-B6D7-53BA682B01E1}.Debug|Any CPU.ActiveCfg = Debug|Any CPU
		{C9AB6D9E-9A65-4D59-B6D7-53BA682B01E1}.Debug|Any CPU.Build.0 = Debug|Any CPU
		{C9AB6D9E-9A65-4D59-B6D7-53BA682B01E1}.Debug|x64.ActiveCfg = Debug|x64
		{C9AB6D9E-9A65-4D59-B6D7-53BA682B01E1}.Debug|x64.Build.0 = Debug|x64
		{C9AB6D9E-9A65-4D59-B6D7-53BA682B01E1}.Release|Any CPU.ActiveCfg = Release|Any CPU
		{C9AB6D9E-9A65-4D59-B6D7-53BA682B01E1}.Release|Any CPU.Build.0 = Release|Any CPU
		{C9AB6D9E-9A65-4D59-B6D7-53BA682B01E1}.Release|x64.ActiveCfg = Release|x64
		{C9AB6D9E-9A65-4D59-B6D7-53BA682B01E1}.Release|x64.Build.0 = Release|x64
		{23B4A607-87A2-4A4A-BE08-630F26DCC099}.Debug|Any CPU.ActiveCfg = Debug|Any CPU
		{23B4A607-87A2-4A4A-BE08-630F26DCC099}.Debug|Any CPU.Build.0 = Debug|Any CPU
		{23B4A607-87A2-4A4A-BE08-630F26DCC099}.Debug|x64.ActiveCfg = Debug|x64
		{23B4A607-87A2-4A4A-BE08-630F26DCC099}.Debug|x64.Build.0 = Debug|x64
		{23B4A607-87A2-4A4A-BE08-630F26DCC099}.Release|Any CPU.ActiveCfg = Release|Any CPU
		{23B4A607-87A2-4A4A-BE08-630F26DCC099}.Release|Any CPU.Build.0 = Release|Any CPU
		{23B4A607-87A2-4A4A-BE08-630F26DCC099}.Release|x64.ActiveCfg = Release|x64
		{23B4A607-87A2-4A4A-BE08-630F26DCC099}.Release|x64.Build.0 = Release|x64
		{769035E4-2AC8-4E08-8BEB-9FB61DEE0789}.Debug|Any CPU.ActiveCfg = Debug|Any CPU
		{769035E4-2AC8-4E08-8BEB-9FB61DEE0789}.Debug|Any CPU.Build.0 = Debug|Any CPU
		{769035E4-2AC8-4E08-8BEB-9FB61DEE0789}.Debug|x64.ActiveCfg = Debug|x64
		{769035E4-2AC8-4E08-8BEB-9FB61DEE0789}.Debug|x64.Build.0 = Debug|x64
		{769035E4-2AC8-4E08-8BEB-9FB61DEE0789}.Release|Any CPU.ActiveCfg = Release|Any CPU
		{769035E4-2AC8-4E08-8BEB-9FB61DEE0789}.Release|Any CPU.Build.0 = Release|Any CPU
		{769035E4-2AC8-4E08-8BEB-9FB61DEE0789}.Release|x64.ActiveCfg = Release|x64
		{769035E4-2AC8-4E08-8BEB-9FB61DEE0789}.Release|x64.Build.0 = Release|x64
		{9FED84C7-4C8B-4981-AACB-B8E01D6620AF}.Debug|Any CPU.ActiveCfg = Debug|Any CPU
		{9FED84C7-4C8B-4981-AACB-B8E01D6620AF}.Debug|Any CPU.Build.0 = Debug|Any CPU
		{9FED84C7-4C8B-4981-AACB-B8E01D6620AF}.Debug|x64.ActiveCfg = Debug|x64
		{9FED84C7-4C8B-4981-AACB-B8E01D6620AF}.Debug|x64.Build.0 = Debug|x64
		{9FED84C7-4C8B-4981-AACB-B8E01D6620AF}.Release|Any CPU.ActiveCfg = Release|Any CPU
		{9FED84C7-4C8B-4981-AACB-B8E01D6620AF}.Release|Any CPU.Build.0 = Release|Any CPU
		{9FED84C7-4C8B-4981-AACB-B8E01D6620AF}.Release|x64.ActiveCfg = Release|x64
		{9FED84C7-4C8B-4981-AACB-B8E01D6620AF}.Release|x64.Build.0 = Release|x64
		{701E422A-94AD-4024-8B21-966105CA5340}.Debug|Any CPU.ActiveCfg = Debug|Any CPU
		{701E422A-94AD-4024-8B21-966105CA5340}.Debug|Any CPU.Build.0 = Debug|Any CPU
		{701E422A-94AD-4024-8B21-966105CA5340}.Debug|x64.ActiveCfg = Debug|x64
		{701E422A-94AD-4024-8B21-966105CA5340}.Debug|x64.Build.0 = Debug|x64
		{701E422A-94AD-4024-8B21-966105CA5340}.Release|Any CPU.ActiveCfg = Release|Any CPU
		{701E422A-94AD-4024-8B21-966105CA5340}.Release|Any CPU.Build.0 = Release|Any CPU
		{701E422A-94AD-4024-8B21-966105CA5340}.Release|x64.ActiveCfg = Release|x64
		{701E422A-94AD-4024-8B21-966105CA5340}.Release|x64.Build.0 = Release|x64
		{928F8266-3A41-4146-820A-7500BAC450BE}.Debug|Any CPU.ActiveCfg = Debug|Any CPU
		{928F8266-3A41-4146-820A-7500BAC450BE}.Debug|Any CPU.Build.0 = Debug|Any CPU
		{928F8266-3A41-4146-820A-7500BAC450BE}.Debug|x64.ActiveCfg = Debug|x64
		{928F8266-3A41-4146-820A-7500BAC450BE}.Debug|x64.Build.0 = Debug|x64
		{928F8266-3A41-4146-820A-7500BAC450BE}.Release|Any CPU.ActiveCfg = Release|Any CPU
		{928F8266-3A41-4146-820A-7500BAC450BE}.Release|Any CPU.Build.0 = Release|Any CPU
		{928F8266-3A41-4146-820A-7500BAC450BE}.Release|x64.ActiveCfg = Release|x64
		{928F8266-3A41-4146-820A-7500BAC450BE}.Release|x64.Build.0 = Release|x64
		{928AA90D-ACF4-4E07-A17A-2C84F0202F4E}.Debug|Any CPU.ActiveCfg = Debug|Any CPU
		{928AA90D-ACF4-4E07-A17A-2C84F0202F4E}.Debug|Any CPU.Build.0 = Debug|Any CPU
		{928AA90D-ACF4-4E07-A17A-2C84F0202F4E}.Debug|x64.ActiveCfg = Debug|x64
		{928AA90D-ACF4-4E07-A17A-2C84F0202F4E}.Debug|x64.Build.0 = Debug|x64
		{928AA90D-ACF4-4E07-A17A-2C84F0202F4E}.Release|Any CPU.ActiveCfg = Release|Any CPU
		{928AA90D-ACF4-4E07-A17A-2C84F0202F4E}.Release|Any CPU.Build.0 = Release|Any CPU
		{928AA90D-ACF4-4E07-A17A-2C84F0202F4E}.Release|x64.ActiveCfg = Release|x64
		{928AA90D-ACF4-4E07-A17A-2C84F0202F4E}.Release|x64.Build.0 = Release|x64
		{0E6E8C84-1002-4B91-86DE-EDE87913AE90}.Debug|Any CPU.ActiveCfg = Debug|x64
		{0E6E8C84-1002-4B91-86DE-EDE87913AE90}.Debug|x64.ActiveCfg = Debug|x64
		{0E6E8C84-1002-4B91-86DE-EDE87913AE90}.Debug|x64.Build.0 = Debug|x64
		{0E6E8C84-1002-4B91-86DE-EDE87913AE90}.Release|Any CPU.ActiveCfg = Release|x64
		{0E6E8C84-1002-4B91-86DE-EDE87913AE90}.Release|x64.ActiveCfg = Release|x64
		{0E6E8C84-1002-4B91-86DE-EDE87913AE90}.Release|x64.Build.0 = Release|x64
		{B6EE5215-61CD-4316-A67E-038BFC46FACB}.Debug|Any CPU.ActiveCfg = Debug|Any CPU
		{B6EE5215-61CD-4316-A67E-038BFC46FACB}.Debug|Any CPU.Build.0 = Debug|Any CPU
		{B6EE5215-61CD-4316-A67E-038BFC46FACB}.Debug|x64.ActiveCfg = Debug|x64
		{B6EE5215-61CD-4316-A67E-038BFC46FACB}.Debug|x64.Build.0 = Debug|x64
		{B6EE5215-61CD-4316-A67E-038BFC46FACB}.Release|Any CPU.ActiveCfg = Release|Any CPU
		{B6EE5215-61CD-4316-A67E-038BFC46FACB}.Release|Any CPU.Build.0 = Release|Any CPU
		{B6EE5215-61CD-4316-A67E-038BFC46FACB}.Release|x64.ActiveCfg = Release|x64
		{B6EE5215-61CD-4316-A67E-038BFC46FACB}.Release|x64.Build.0 = Release|x64
	EndGlobalSection
	GlobalSection(SolutionProperties) = preSolution
		HideSolutionNode = FALSE
	EndGlobalSection
	GlobalSection(ExtensibilityGlobals) = postSolution
		SolutionGuid = {FBEBD2AD-67A9-41E8-8506-641FC332A2A5}
	EndGlobalSection
EndGlobal
